
Microsoft Visual Studio Solution File, Format Version 12.00
# Visual Studio 2013
VisualStudioVersion = 12.0.0.0
MinimumVisualStudioVersion = 10.0.0.1
Project("{FAE04EC0-301F-11D3-BF4B-00C04F79EFBC}") = "Stack", "Stack\Stack.csproj", "{DBA76EF3-C1CB-4F52-9232-80DD1676A9E8}"
EndProject
Project("{FAE04EC0-301F-11D3-BF4B-00C04F79EFBC}") = "SinglyLinkedList", "SinglyLinkedList\SinglyLinkedList.csproj", "{7D3B1C5E-5600-4004-9675-6B631F43BEA5}"
EndProject
Project("{FAE04EC0-301F-11D3-BF4B-00C04F79EFBC}") = "DoublyLinkedList", "DoublyLinkedList\DoublyLinkedList.csproj", "{32366CF5-64BF-4C1E-B8FF-C5F302827B95}"
EndProject
Project("{FAE04EC0-301F-11D3-BF4B-00C04F79EFBC}") = "SinglyLinkedListTests", "SinglyLinkedListTests\SinglyLinkedListTests.csproj", "{E66BF3F2-789D-4FA9-BD01-57FE7C55F774}"
EndProject
Project("{FAE04EC0-301F-11D3-BF4B-00C04F79EFBC}") = "DoublyLinkedListTests", "DoublyLinkedListTests\DoublyLinkedListTests.csproj", "{B3F92BEB-A1B0-4865-8503-9E84A6FFDBFA}"
EndProject
Project("{FAE04EC0-301F-11D3-BF4B-00C04F79EFBC}") = "SimpleArrayList", "SimpleArrayList\SimpleArrayList.csproj", "{E84D9A67-292B-4E96-825B-20DB64083CCA}"
EndProject
Project("{FAE04EC0-301F-11D3-BF4B-00C04F79EFBC}") = "SimpleArrayListTests", "SimpleArrayListTests\SimpleArrayListTests.csproj", "{039134E9-001A-4C65-816D-25E4439E5105}"
EndProject
Global
	GlobalSection(SolutionConfigurationPlatforms) = preSolution
		Debug|Any CPU = Debug|Any CPU
		Release|Any CPU = Release|Any CPU
	EndGlobalSection
	GlobalSection(ProjectConfigurationPlatforms) = postSolution
		{DBA76EF3-C1CB-4F52-9232-80DD1676A9E8}.Debug|Any CPU.ActiveCfg = Debug|Any CPU
		{DBA76EF3-C1CB-4F52-9232-80DD1676A9E8}.Debug|Any CPU.Build.0 = Debug|Any CPU
		{DBA76EF3-C1CB-4F52-9232-80DD1676A9E8}.Release|Any CPU.ActiveCfg = Release|Any CPU
		{DBA76EF3-C1CB-4F52-9232-80DD1676A9E8}.Release|Any CPU.Build.0 = Release|Any CPU
		{7D3B1C5E-5600-4004-9675-6B631F43BEA5}.Debug|Any CPU.ActiveCfg = Debug|Any CPU
		{7D3B1C5E-5600-4004-9675-6B631F43BEA5}.Debug|Any CPU.Build.0 = Debug|Any CPU
		{7D3B1C5E-5600-4004-9675-6B631F43BEA5}.Release|Any CPU.ActiveCfg = Release|Any CPU
		{7D3B1C5E-5600-4004-9675-6B631F43BEA5}.Release|Any CPU.Build.0 = Release|Any CPU
		{32366CF5-64BF-4C1E-B8FF-C5F302827B95}.Debug|Any CPU.ActiveCfg = Debug|Any CPU
		{32366CF5-64BF-4C1E-B8FF-C5F302827B95}.Debug|Any CPU.Build.0 = Debug|Any CPU
		{32366CF5-64BF-4C1E-B8FF-C5F302827B95}.Release|Any CPU.ActiveCfg = Release|Any CPU
		{32366CF5-64BF-4C1E-B8FF-C5F302827B95}.Release|Any CPU.Build.0 = Release|Any CPU
		{E66BF3F2-789D-4FA9-BD01-57FE7C55F774}.Debug|Any CPU.ActiveCfg = Debug|Any CPU
		{E66BF3F2-789D-4FA9-BD01-57FE7C55F774}.Debug|Any CPU.Build.0 = Debug|Any CPU
		{E66BF3F2-789D-4FA9-BD01-57FE7C55F774}.Release|Any CPU.ActiveCfg = Release|Any CPU
		{E66BF3F2-789D-4FA9-BD01-57FE7C55F774}.Release|Any CPU.Build.0 = Release|Any CPU
		{B3F92BEB-A1B0-4865-8503-9E84A6FFDBFA}.Debug|Any CPU.ActiveCfg = Debug|Any CPU
		{B3F92BEB-A1B0-4865-8503-9E84A6FFDBFA}.Debug|Any CPU.Build.0 = Debug|Any CPU
		{B3F92BEB-A1B0-4865-8503-9E84A6FFDBFA}.Release|Any CPU.ActiveCfg = Release|Any CPU
		{B3F92BEB-A1B0-4865-8503-9E84A6FFDBFA}.Release|Any CPU.Build.0 = Release|Any CPU
		{E84D9A67-292B-4E96-825B-20DB64083CCA}.Debug|Any CPU.ActiveCfg = Debug|Any CPU
		{E84D9A67-292B-4E96-825B-20DB64083CCA}.Debug|Any CPU.Build.0 = Debug|Any CPU
		{E84D9A67-292B-4E96-825B-20DB64083CCA}.Release|Any CPU.ActiveCfg = Release|Any CPU
		{E84D9A67-292B-4E96-825B-20DB64083CCA}.Release|Any CPU.Build.0 = Release|Any CPU
		{039134E9-001A-4C65-816D-25E4439E5105}.Debug|Any CPU.ActiveCfg = Debug|Any CPU
		{039134E9-001A-4C65-816D-25E4439E5105}.Debug|Any CPU.Build.0 = Debug|Any CPU
		{039134E9-001A-4C65-816D-25E4439E5105}.Release|Any CPU.ActiveCfg = Release|Any CPU
		{039134E9-001A-4C65-816D-25E4439E5105}.Release|Any CPU.Build.0 = Release|Any CPU
	EndGlobalSection
	GlobalSection(SolutionProperties) = preSolution
		HideSolutionNode = FALSE
	EndGlobalSection
EndGlobal
