
Microsoft Visual Studio Solution File, Format Version 12.00
# Visual Studio 2013
VisualStudioVersion = 12.0.0.0
MinimumVisualStudioVersion = 10.0.0.1
Project("{FAE04EC0-301F-11D3-BF4B-00C04F79EFBC}") = "Stack", "Stack\Stack.csproj", "{DBA76EF3-C1CB-4F52-9232-80DD1676A9E8}"
EndProject
Project("{FAE04EC0-301F-11D3-BF4B-00C04F79EFBC}") = "SinglyLinkedList", "SinglyLinkedList\SinglyLinkedList.csproj", "{7D3B1C5E-5600-4004-9675-6B631F43BEA5}"
EndProject
Project("{FAE04EC0-301F-11D3-BF4B-00C04F79EFBC}") = "DoublyLinkedList", "DoublyLinkedList\DoublyLinkedList.csproj", "{32366CF5-64BF-4C1E-B8FF-C5F302827B95}"
EndProject
Project("{FAE04EC0-301F-11D3-BF4B-00C04F79EFBC}") = "SinglyLinkedListTests", "SinglyLinkedListTests\SinglyLinkedListTests.csproj", "{E66BF3F2-789D-4FA9-BD01-57FE7C55F774}"
EndProject
Project("{FAE04EC0-301F-11D3-BF4B-00C04F79EFBC}") = "DoublyLinkedListTests", "DoublyLinkedListTests\DoublyLinkedListTests.csproj", "{B3F92BEB-A1B0-4865-8503-9E84A6FFDBFA}"
EndProject
Project("{FAE04EC0-301F-11D3-BF4B-00C04F79EFBC}") = "SimpleArrayList", "SimpleArrayList\SimpleArrayList.csproj", "{E84D9A67-292B-4E96-825B-20DB64083CCA}"
EndProject
Project("{FAE04EC0-301F-11D3-BF4B-00C04F79EFBC}") = "SimpleArrayListTests", "SimpleArrayListTests\SimpleArrayListTests.csproj", "{039134E9-001A-4C65-816D-25E4439E5105}"
EndProject
Project("{2150E333-8FDC-42A3-9474-1A3956D46DE8}") = "opgaven-school", "opgaven-school", "{678B41A2-BEA6-46E3-A6D6-75ACD6610728}"
EndProject
Project("{FAE04EC0-301F-11D3-BF4B-00C04F79EFBC}") = "SimpleLinkedList", "SimpleLinkedList\SimpleLinkedList.csproj", "{23AD1C79-8B06-4906-B13B-9CA832464969}"
EndProject
Project("{FAE04EC0-301F-11D3-BF4B-00C04F79EFBC}") = "SimpleLinkedListTests", "SimpleLinkedListTests\SimpleLinkedListTests.csproj", "{C5A3B596-F5FF-493A-A2DE-1F2ACB3A2CFB}"
EndProject
Project("{FAE04EC0-301F-11D3-BF4B-00C04F79EFBC}") = "MyStack", "MyStack\MyStack.csproj", "{5CA0D218-C7A6-45C5-9682-1EA14A8635F6}"
EndProject
Project("{FAE04EC0-301F-11D3-BF4B-00C04F79EFBC}") = "MyStackTests", "MyStackTests\MyStackTests.csproj", "{1940168E-6C35-4C70-9F66-46A64F0F3472}"
EndProject
Project("{FAE04EC0-301F-11D3-BF4B-00C04F79EFBC}") = "MyQueueTests", "MyQueueTests\MyQueueTests.csproj", "{C1DFD982-A176-49B6-B82E-E617B7BB9AD2}"
EndProject
Project("{FAE04EC0-301F-11D3-BF4B-00C04F79EFBC}") = "MyQueue", "MyQueue\MyQueue.csproj", "{1C1EBF61-3E61-418C-BE45-7599B145FC09}"
EndProject
Project("{2150E333-8FDC-42A3-9474-1A3956D46DE8}") = "simple-data-structures", "simple-data-structures", "{D4ABED3C-C9AE-4FE4-B6E2-105E0998CECF}"
EndProject
Project("{2150E333-8FDC-42A3-9474-1A3956D46DE8}") = "recursion", "recursion", "{C2CB8A4E-19A6-405A-8F47-9393713CFB1F}"
EndProject
Project("{FAE04EC0-301F-11D3-BF4B-00C04F79EFBC}") = "PrintRecursive", "PrintRecursive\PrintRecursive.csproj", "{AF94EF1C-F9E6-4A2B-8FC4-26DC6758D59F}"
EndProject
Project("{FAE04EC0-301F-11D3-BF4B-00C04F79EFBC}") = "PrintRecursiveTests", "PrintRecursiveTests\PrintRecursiveTests.csproj", "{5F12893B-C494-4915-8305-AB0E732167F5}"
EndProject
Project("{2150E333-8FDC-42A3-9474-1A3956D46DE8}") = "sorting", "sorting", "{8E873A21-2138-428F-A99E-AA3D8B4BA258}"
EndProject
Project("{FAE04EC0-301F-11D3-BF4B-00C04F79EFBC}") = "InsertionSort", "InsertionSort\InsertionSort.csproj", "{AAC00A01-2CB1-43FE-A20C-D9BBA110227E}"
EndProject
Project("{FAE04EC0-301F-11D3-BF4B-00C04F79EFBC}") = "InsertionSortTests", "InsertionSortTests\InsertionSortTests.csproj", "{B50A44EF-5922-4959-9C4F-B7C725DC50AB}"
EndProject
Project("{FAE04EC0-301F-11D3-BF4B-00C04F79EFBC}") = "MergeSortTests", "MergeSortTests\MergeSortTests.csproj", "{78144935-2C62-476E-A2A8-FDCE9A99A491}"
EndProject
Project("{FAE04EC0-301F-11D3-BF4B-00C04F79EFBC}") = "ShellSortTests", "ShellSortTests\ShellSortTests.csproj", "{5CAA8312-808C-452C-B756-5C30EABBB54C}"
EndProject
Project("{FAE04EC0-301F-11D3-BF4B-00C04F79EFBC}") = "ShellSort", "ShellSort\ShellSort.csproj", "{38590385-9D74-4468-B1A1-1C4393911561}"
EndProject
Project("{FAE04EC0-301F-11D3-BF4B-00C04F79EFBC}") = "MergeSort", "MergeSort\MergeSort.csproj", "{7480E8F5-5779-4D72-BED6-9D2ECECC190D}"
EndProject
Project("{FAE04EC0-301F-11D3-BF4B-00C04F79EFBC}") = "QuickSort", "QuickSort\QuickSort.csproj", "{EA97565A-65C7-44DF-A998-3AF0A7E72C8F}"
EndProject
Project("{FAE04EC0-301F-11D3-BF4B-00C04F79EFBC}") = "QuickSortTests", "QuickSortTests\QuickSortTests.csproj", "{7C5733D8-BFF6-41A3-B272-C2BECBF6AA82}"
EndProject
Project("{FAE04EC0-301F-11D3-BF4B-00C04F79EFBC}") = "SortingUtilities", "SortingUtilities\SortingUtilities.csproj", "{48CC8FA7-A91D-43A6-BD60-31E84E3D55E0}"
EndProject
Project("{2150E333-8FDC-42A3-9474-1A3956D46DE8}") = "trees", "trees", "{57920407-C932-4B2E-957E-259C604A71C8}"
EndProject
Project("{FAE04EC0-301F-11D3-BF4B-00C04F79EFBC}") = "FirstChildNextSiblingTree", "FirstChildNextSiblingTree\FirstChildNextSiblingTree.csproj", "{0CDAEDB3-C6E6-4CDF-8E5B-F199835703F1}"
EndProject
Project("{FAE04EC0-301F-11D3-BF4B-00C04F79EFBC}") = "FirstChildNextSiblingTreeTests", "FirstChildNextSiblingTreeTests\FirstChildNextSiblingTreeTests.csproj", "{672B1F2E-418B-4149-9945-94BC9947FF3A}"
EndProject
Project("{FAE04EC0-301F-11D3-BF4B-00C04F79EFBC}") = "BinaryTreeTests", "BinaryTreeTests\BinaryTreeTests.csproj", "{F0843E99-88F6-4D88-825B-33B0FBD5C0AD}"
EndProject
Project("{FAE04EC0-301F-11D3-BF4B-00C04F79EFBC}") = "BinaryTree", "BinaryTree\BinaryTree.csproj", "{0A998549-51A3-465A-B7BA-1981DB0955EA}"
EndProject
Global
	GlobalSection(SolutionConfigurationPlatforms) = preSolution
		Debug|Any CPU = Debug|Any CPU
		Release|Any CPU = Release|Any CPU
	EndGlobalSection
	GlobalSection(ProjectConfigurationPlatforms) = postSolution
		{DBA76EF3-C1CB-4F52-9232-80DD1676A9E8}.Debug|Any CPU.ActiveCfg = Debug|Any CPU
		{DBA76EF3-C1CB-4F52-9232-80DD1676A9E8}.Debug|Any CPU.Build.0 = Debug|Any CPU
		{DBA76EF3-C1CB-4F52-9232-80DD1676A9E8}.Release|Any CPU.ActiveCfg = Release|Any CPU
		{DBA76EF3-C1CB-4F52-9232-80DD1676A9E8}.Release|Any CPU.Build.0 = Release|Any CPU
		{7D3B1C5E-5600-4004-9675-6B631F43BEA5}.Debug|Any CPU.ActiveCfg = Debug|Any CPU
		{7D3B1C5E-5600-4004-9675-6B631F43BEA5}.Debug|Any CPU.Build.0 = Debug|Any CPU
		{7D3B1C5E-5600-4004-9675-6B631F43BEA5}.Release|Any CPU.ActiveCfg = Release|Any CPU
		{7D3B1C5E-5600-4004-9675-6B631F43BEA5}.Release|Any CPU.Build.0 = Release|Any CPU
		{32366CF5-64BF-4C1E-B8FF-C5F302827B95}.Debug|Any CPU.ActiveCfg = Debug|Any CPU
		{32366CF5-64BF-4C1E-B8FF-C5F302827B95}.Debug|Any CPU.Build.0 = Debug|Any CPU
		{32366CF5-64BF-4C1E-B8FF-C5F302827B95}.Release|Any CPU.ActiveCfg = Release|Any CPU
		{32366CF5-64BF-4C1E-B8FF-C5F302827B95}.Release|Any CPU.Build.0 = Release|Any CPU
		{E66BF3F2-789D-4FA9-BD01-57FE7C55F774}.Debug|Any CPU.ActiveCfg = Debug|Any CPU
		{E66BF3F2-789D-4FA9-BD01-57FE7C55F774}.Debug|Any CPU.Build.0 = Debug|Any CPU
		{E66BF3F2-789D-4FA9-BD01-57FE7C55F774}.Release|Any CPU.ActiveCfg = Release|Any CPU
		{E66BF3F2-789D-4FA9-BD01-57FE7C55F774}.Release|Any CPU.Build.0 = Release|Any CPU
		{B3F92BEB-A1B0-4865-8503-9E84A6FFDBFA}.Debug|Any CPU.ActiveCfg = Debug|Any CPU
		{B3F92BEB-A1B0-4865-8503-9E84A6FFDBFA}.Debug|Any CPU.Build.0 = Debug|Any CPU
		{B3F92BEB-A1B0-4865-8503-9E84A6FFDBFA}.Release|Any CPU.ActiveCfg = Release|Any CPU
		{B3F92BEB-A1B0-4865-8503-9E84A6FFDBFA}.Release|Any CPU.Build.0 = Release|Any CPU
		{E84D9A67-292B-4E96-825B-20DB64083CCA}.Debug|Any CPU.ActiveCfg = Debug|Any CPU
		{E84D9A67-292B-4E96-825B-20DB64083CCA}.Debug|Any CPU.Build.0 = Debug|Any CPU
		{E84D9A67-292B-4E96-825B-20DB64083CCA}.Release|Any CPU.ActiveCfg = Release|Any CPU
		{E84D9A67-292B-4E96-825B-20DB64083CCA}.Release|Any CPU.Build.0 = Release|Any CPU
		{039134E9-001A-4C65-816D-25E4439E5105}.Debug|Any CPU.ActiveCfg = Debug|Any CPU
		{039134E9-001A-4C65-816D-25E4439E5105}.Debug|Any CPU.Build.0 = Debug|Any CPU
		{039134E9-001A-4C65-816D-25E4439E5105}.Release|Any CPU.ActiveCfg = Release|Any CPU
		{039134E9-001A-4C65-816D-25E4439E5105}.Release|Any CPU.Build.0 = Release|Any CPU
		{23AD1C79-8B06-4906-B13B-9CA832464969}.Debug|Any CPU.ActiveCfg = Debug|Any CPU
		{23AD1C79-8B06-4906-B13B-9CA832464969}.Debug|Any CPU.Build.0 = Debug|Any CPU
		{23AD1C79-8B06-4906-B13B-9CA832464969}.Release|Any CPU.ActiveCfg = Release|Any CPU
		{23AD1C79-8B06-4906-B13B-9CA832464969}.Release|Any CPU.Build.0 = Release|Any CPU
		{C5A3B596-F5FF-493A-A2DE-1F2ACB3A2CFB}.Debug|Any CPU.ActiveCfg = Debug|Any CPU
		{C5A3B596-F5FF-493A-A2DE-1F2ACB3A2CFB}.Debug|Any CPU.Build.0 = Debug|Any CPU
		{C5A3B596-F5FF-493A-A2DE-1F2ACB3A2CFB}.Release|Any CPU.ActiveCfg = Release|Any CPU
		{C5A3B596-F5FF-493A-A2DE-1F2ACB3A2CFB}.Release|Any CPU.Build.0 = Release|Any CPU
		{5CA0D218-C7A6-45C5-9682-1EA14A8635F6}.Debug|Any CPU.ActiveCfg = Debug|Any CPU
		{5CA0D218-C7A6-45C5-9682-1EA14A8635F6}.Debug|Any CPU.Build.0 = Debug|Any CPU
		{5CA0D218-C7A6-45C5-9682-1EA14A8635F6}.Release|Any CPU.ActiveCfg = Release|Any CPU
		{5CA0D218-C7A6-45C5-9682-1EA14A8635F6}.Release|Any CPU.Build.0 = Release|Any CPU
		{1940168E-6C35-4C70-9F66-46A64F0F3472}.Debug|Any CPU.ActiveCfg = Debug|Any CPU
		{1940168E-6C35-4C70-9F66-46A64F0F3472}.Debug|Any CPU.Build.0 = Debug|Any CPU
		{1940168E-6C35-4C70-9F66-46A64F0F3472}.Release|Any CPU.ActiveCfg = Release|Any CPU
		{1940168E-6C35-4C70-9F66-46A64F0F3472}.Release|Any CPU.Build.0 = Release|Any CPU
		{C1DFD982-A176-49B6-B82E-E617B7BB9AD2}.Debug|Any CPU.ActiveCfg = Debug|Any CPU
		{C1DFD982-A176-49B6-B82E-E617B7BB9AD2}.Debug|Any CPU.Build.0 = Debug|Any CPU
		{C1DFD982-A176-49B6-B82E-E617B7BB9AD2}.Release|Any CPU.ActiveCfg = Release|Any CPU
		{C1DFD982-A176-49B6-B82E-E617B7BB9AD2}.Release|Any CPU.Build.0 = Release|Any CPU
		{1C1EBF61-3E61-418C-BE45-7599B145FC09}.Debug|Any CPU.ActiveCfg = Debug|Any CPU
		{1C1EBF61-3E61-418C-BE45-7599B145FC09}.Debug|Any CPU.Build.0 = Debug|Any CPU
		{1C1EBF61-3E61-418C-BE45-7599B145FC09}.Release|Any CPU.ActiveCfg = Release|Any CPU
		{1C1EBF61-3E61-418C-BE45-7599B145FC09}.Release|Any CPU.Build.0 = Release|Any CPU
		{AF94EF1C-F9E6-4A2B-8FC4-26DC6758D59F}.Debug|Any CPU.ActiveCfg = Debug|Any CPU
		{AF94EF1C-F9E6-4A2B-8FC4-26DC6758D59F}.Debug|Any CPU.Build.0 = Debug|Any CPU
		{AF94EF1C-F9E6-4A2B-8FC4-26DC6758D59F}.Release|Any CPU.ActiveCfg = Release|Any CPU
		{AF94EF1C-F9E6-4A2B-8FC4-26DC6758D59F}.Release|Any CPU.Build.0 = Release|Any CPU
		{5F12893B-C494-4915-8305-AB0E732167F5}.Debug|Any CPU.ActiveCfg = Debug|Any CPU
		{5F12893B-C494-4915-8305-AB0E732167F5}.Debug|Any CPU.Build.0 = Debug|Any CPU
		{5F12893B-C494-4915-8305-AB0E732167F5}.Release|Any CPU.ActiveCfg = Release|Any CPU
		{5F12893B-C494-4915-8305-AB0E732167F5}.Release|Any CPU.Build.0 = Release|Any CPU
		{AAC00A01-2CB1-43FE-A20C-D9BBA110227E}.Debug|Any CPU.ActiveCfg = Debug|Any CPU
		{AAC00A01-2CB1-43FE-A20C-D9BBA110227E}.Debug|Any CPU.Build.0 = Debug|Any CPU
		{AAC00A01-2CB1-43FE-A20C-D9BBA110227E}.Release|Any CPU.ActiveCfg = Release|Any CPU
		{AAC00A01-2CB1-43FE-A20C-D9BBA110227E}.Release|Any CPU.Build.0 = Release|Any CPU
		{B50A44EF-5922-4959-9C4F-B7C725DC50AB}.Debug|Any CPU.ActiveCfg = Debug|Any CPU
		{B50A44EF-5922-4959-9C4F-B7C725DC50AB}.Debug|Any CPU.Build.0 = Debug|Any CPU
		{B50A44EF-5922-4959-9C4F-B7C725DC50AB}.Release|Any CPU.ActiveCfg = Release|Any CPU
		{B50A44EF-5922-4959-9C4F-B7C725DC50AB}.Release|Any CPU.Build.0 = Release|Any CPU
		{78144935-2C62-476E-A2A8-FDCE9A99A491}.Debug|Any CPU.ActiveCfg = Debug|Any CPU
		{78144935-2C62-476E-A2A8-FDCE9A99A491}.Debug|Any CPU.Build.0 = Debug|Any CPU
		{78144935-2C62-476E-A2A8-FDCE9A99A491}.Release|Any CPU.ActiveCfg = Release|Any CPU
		{78144935-2C62-476E-A2A8-FDCE9A99A491}.Release|Any CPU.Build.0 = Release|Any CPU
		{5CAA8312-808C-452C-B756-5C30EABBB54C}.Debug|Any CPU.ActiveCfg = Debug|Any CPU
		{5CAA8312-808C-452C-B756-5C30EABBB54C}.Debug|Any CPU.Build.0 = Debug|Any CPU
		{5CAA8312-808C-452C-B756-5C30EABBB54C}.Release|Any CPU.ActiveCfg = Release|Any CPU
		{5CAA8312-808C-452C-B756-5C30EABBB54C}.Release|Any CPU.Build.0 = Release|Any CPU
		{38590385-9D74-4468-B1A1-1C4393911561}.Debug|Any CPU.ActiveCfg = Debug|Any CPU
		{38590385-9D74-4468-B1A1-1C4393911561}.Debug|Any CPU.Build.0 = Debug|Any CPU
		{38590385-9D74-4468-B1A1-1C4393911561}.Release|Any CPU.ActiveCfg = Release|Any CPU
		{38590385-9D74-4468-B1A1-1C4393911561}.Release|Any CPU.Build.0 = Release|Any CPU
		{7480E8F5-5779-4D72-BED6-9D2ECECC190D}.Debug|Any CPU.ActiveCfg = Debug|Any CPU
		{7480E8F5-5779-4D72-BED6-9D2ECECC190D}.Debug|Any CPU.Build.0 = Debug|Any CPU
		{7480E8F5-5779-4D72-BED6-9D2ECECC190D}.Release|Any CPU.ActiveCfg = Release|Any CPU
		{7480E8F5-5779-4D72-BED6-9D2ECECC190D}.Release|Any CPU.Build.0 = Release|Any CPU
		{EA97565A-65C7-44DF-A998-3AF0A7E72C8F}.Debug|Any CPU.ActiveCfg = Debug|Any CPU
		{EA97565A-65C7-44DF-A998-3AF0A7E72C8F}.Debug|Any CPU.Build.0 = Debug|Any CPU
		{EA97565A-65C7-44DF-A998-3AF0A7E72C8F}.Release|Any CPU.ActiveCfg = Release|Any CPU
		{EA97565A-65C7-44DF-A998-3AF0A7E72C8F}.Release|Any CPU.Build.0 = Release|Any CPU
		{7C5733D8-BFF6-41A3-B272-C2BECBF6AA82}.Debug|Any CPU.ActiveCfg = Debug|Any CPU
		{7C5733D8-BFF6-41A3-B272-C2BECBF6AA82}.Debug|Any CPU.Build.0 = Debug|Any CPU
		{7C5733D8-BFF6-41A3-B272-C2BECBF6AA82}.Release|Any CPU.ActiveCfg = Release|Any CPU
		{7C5733D8-BFF6-41A3-B272-C2BECBF6AA82}.Release|Any CPU.Build.0 = Release|Any CPU
		{48CC8FA7-A91D-43A6-BD60-31E84E3D55E0}.Debug|Any CPU.ActiveCfg = Debug|Any CPU
		{48CC8FA7-A91D-43A6-BD60-31E84E3D55E0}.Debug|Any CPU.Build.0 = Debug|Any CPU
		{48CC8FA7-A91D-43A6-BD60-31E84E3D55E0}.Release|Any CPU.ActiveCfg = Release|Any CPU
		{48CC8FA7-A91D-43A6-BD60-31E84E3D55E0}.Release|Any CPU.Build.0 = Release|Any CPU
		{0CDAEDB3-C6E6-4CDF-8E5B-F199835703F1}.Debug|Any CPU.ActiveCfg = Debug|Any CPU
		{0CDAEDB3-C6E6-4CDF-8E5B-F199835703F1}.Debug|Any CPU.Build.0 = Debug|Any CPU
		{0CDAEDB3-C6E6-4CDF-8E5B-F199835703F1}.Release|Any CPU.ActiveCfg = Release|Any CPU
		{0CDAEDB3-C6E6-4CDF-8E5B-F199835703F1}.Release|Any CPU.Build.0 = Release|Any CPU
		{672B1F2E-418B-4149-9945-94BC9947FF3A}.Debug|Any CPU.ActiveCfg = Debug|Any CPU
		{672B1F2E-418B-4149-9945-94BC9947FF3A}.Debug|Any CPU.Build.0 = Debug|Any CPU
		{672B1F2E-418B-4149-9945-94BC9947FF3A}.Release|Any CPU.ActiveCfg = Release|Any CPU
		{672B1F2E-418B-4149-9945-94BC9947FF3A}.Release|Any CPU.Build.0 = Release|Any CPU
		{F0843E99-88F6-4D88-825B-33B0FBD5C0AD}.Debug|Any CPU.ActiveCfg = Debug|Any CPU
		{F0843E99-88F6-4D88-825B-33B0FBD5C0AD}.Debug|Any CPU.Build.0 = Debug|Any CPU
		{F0843E99-88F6-4D88-825B-33B0FBD5C0AD}.Release|Any CPU.ActiveCfg = Release|Any CPU
		{F0843E99-88F6-4D88-825B-33B0FBD5C0AD}.Release|Any CPU.Build.0 = Release|Any CPU
		{0A998549-51A3-465A-B7BA-1981DB0955EA}.Debug|Any CPU.ActiveCfg = Debug|Any CPU
		{0A998549-51A3-465A-B7BA-1981DB0955EA}.Debug|Any CPU.Build.0 = Debug|Any CPU
		{0A998549-51A3-465A-B7BA-1981DB0955EA}.Release|Any CPU.ActiveCfg = Release|Any CPU
		{0A998549-51A3-465A-B7BA-1981DB0955EA}.Release|Any CPU.Build.0 = Release|Any CPU
	EndGlobalSection
	GlobalSection(SolutionProperties) = preSolution
		HideSolutionNode = FALSE
	EndGlobalSection
	GlobalSection(NestedProjects) = preSolution
		{D4ABED3C-C9AE-4FE4-B6E2-105E0998CECF} = {678B41A2-BEA6-46E3-A6D6-75ACD6610728}
		{1C1EBF61-3E61-418C-BE45-7599B145FC09} = {D4ABED3C-C9AE-4FE4-B6E2-105E0998CECF}
		{C1DFD982-A176-49B6-B82E-E617B7BB9AD2} = {D4ABED3C-C9AE-4FE4-B6E2-105E0998CECF}
		{5CA0D218-C7A6-45C5-9682-1EA14A8635F6} = {D4ABED3C-C9AE-4FE4-B6E2-105E0998CECF}
		{1940168E-6C35-4C70-9F66-46A64F0F3472} = {D4ABED3C-C9AE-4FE4-B6E2-105E0998CECF}
		{E84D9A67-292B-4E96-825B-20DB64083CCA} = {D4ABED3C-C9AE-4FE4-B6E2-105E0998CECF}
		{039134E9-001A-4C65-816D-25E4439E5105} = {D4ABED3C-C9AE-4FE4-B6E2-105E0998CECF}
		{23AD1C79-8B06-4906-B13B-9CA832464969} = {D4ABED3C-C9AE-4FE4-B6E2-105E0998CECF}
		{C5A3B596-F5FF-493A-A2DE-1F2ACB3A2CFB} = {D4ABED3C-C9AE-4FE4-B6E2-105E0998CECF}
		{C2CB8A4E-19A6-405A-8F47-9393713CFB1F} = {678B41A2-BEA6-46E3-A6D6-75ACD6610728}
		{AF94EF1C-F9E6-4A2B-8FC4-26DC6758D59F} = {C2CB8A4E-19A6-405A-8F47-9393713CFB1F}
		{5F12893B-C494-4915-8305-AB0E732167F5} = {C2CB8A4E-19A6-405A-8F47-9393713CFB1F}
		{8E873A21-2138-428F-A99E-AA3D8B4BA258} = {678B41A2-BEA6-46E3-A6D6-75ACD6610728}
		{AAC00A01-2CB1-43FE-A20C-D9BBA110227E} = {8E873A21-2138-428F-A99E-AA3D8B4BA258}
		{B50A44EF-5922-4959-9C4F-B7C725DC50AB} = {8E873A21-2138-428F-A99E-AA3D8B4BA258}
		{78144935-2C62-476E-A2A8-FDCE9A99A491} = {8E873A21-2138-428F-A99E-AA3D8B4BA258}
		{5CAA8312-808C-452C-B756-5C30EABBB54C} = {8E873A21-2138-428F-A99E-AA3D8B4BA258}
		{38590385-9D74-4468-B1A1-1C4393911561} = {8E873A21-2138-428F-A99E-AA3D8B4BA258}
		{7480E8F5-5779-4D72-BED6-9D2ECECC190D} = {8E873A21-2138-428F-A99E-AA3D8B4BA258}
		{EA97565A-65C7-44DF-A998-3AF0A7E72C8F} = {8E873A21-2138-428F-A99E-AA3D8B4BA258}
		{7C5733D8-BFF6-41A3-B272-C2BECBF6AA82} = {8E873A21-2138-428F-A99E-AA3D8B4BA258}
		{48CC8FA7-A91D-43A6-BD60-31E84E3D55E0} = {8E873A21-2138-428F-A99E-AA3D8B4BA258}
		{57920407-C932-4B2E-957E-259C604A71C8} = {678B41A2-BEA6-46E3-A6D6-75ACD6610728}
		{0CDAEDB3-C6E6-4CDF-8E5B-F199835703F1} = {57920407-C932-4B2E-957E-259C604A71C8}
		{672B1F2E-418B-4149-9945-94BC9947FF3A} = {57920407-C932-4B2E-957E-259C604A71C8}
		{F0843E99-88F6-4D88-825B-33B0FBD5C0AD} = {57920407-C932-4B2E-957E-259C604A71C8}
		{0A998549-51A3-465A-B7BA-1981DB0955EA} = {57920407-C932-4B2E-957E-259C604A71C8}
	EndGlobalSection
EndGlobal
